
Microsoft Visual Studio Solution File, Format Version 12.00
# Visual Studio Version 16
VisualStudioVersion = 16.0.30330.147
MinimumVisualStudioVersion = 10.0.40219.1
Project("{8BC9CEB8-8B4A-11D0-8D11-00A0C91BC942}") = "game", "game\game.vcxproj", "{A57D06E6-D685-4A25-9D9C-2FD0F2675A73}"
EndProject
Project("{8BC9CEB8-8B4A-11D0-8D11-00A0C91BC942}") = "engine", "engine\engine.vcxproj", "{759C8C7F-A7F6-414A-ADE6-7A4B2A351012}"
EndProject
Global
	GlobalSection(SolutionConfigurationPlatforms) = preSolution
		Debug|x64 = Debug|x64
		Debug|x86 = Debug|x86
		Release|x64 = Release|x64
		Release|x86 = Release|x86
	EndGlobalSection
	GlobalSection(ProjectConfigurationPlatforms) = postSolution
		{A57D06E6-D685-4A25-9D9C-2FD0F2675A73}.Debug|x64.ActiveCfg = Debug|x64
		{A57D06E6-D685-4A25-9D9C-2FD0F2675A73}.Debug|x64.Build.0 = Debug|x64
		{A57D06E6-D685-4A25-9D9C-2FD0F2675A73}.Debug|x86.ActiveCfg = Debug|Win32
		{A57D06E6-D685-4A25-9D9C-2FD0F2675A73}.Debug|x86.Build.0 = Debug|Win32
		{A57D06E6-D685-4A25-9D9C-2FD0F2675A73}.Release|x64.ActiveCfg = Release|x64
		{A57D06E6-D685-4A25-9D9C-2FD0F2675A73}.Release|x64.Build.0 = Release|x64
		{A57D06E6-D685-4A25-9D9C-2FD0F2675A73}.Release|x86.ActiveCfg = Release|Win32
		{A57D06E6-D685-4A25-9D9C-2FD0F2675A73}.Release|x86.Build.0 = Release|Win32
		{759C8C7F-A7F6-414A-ADE6-7A4B2A351012}.Debug|x64.ActiveCfg = Debug|x64
		{759C8C7F-A7F6-414A-ADE6-7A4B2A351012}.Debug|x64.Build.0 = Debug|x64
		{759C8C7F-A7F6-414A-ADE6-7A4B2A351012}.Debug|x86.ActiveCfg = Debug|Win32
		{759C8C7F-A7F6-414A-ADE6-7A4B2A351012}.Debug|x86.Build.0 = Debug|Win32
		{759C8C7F-A7F6-414A-ADE6-7A4B2A351012}.Release|x64.ActiveCfg = Release|x64
		{759C8C7F-A7F6-414A-ADE6-7A4B2A351012}.Release|x64.Build.0 = Release|x64
		{759C8C7F-A7F6-414A-ADE6-7A4B2A351012}.Release|x86.ActiveCfg = Release|Win32
		{759C8C7F-A7F6-414A-ADE6-7A4B2A351012}.Release|x86.Build.0 = Release|Win32
	EndGlobalSection
	GlobalSection(SolutionProperties) = preSolution
		HideSolutionNode = FALSE
	EndGlobalSection
	GlobalSection(ExtensibilityGlobals) = postSolution
		SolutionGuid = {E9BDC53C-6628-4557-ABD3-64D7A56A4CBE}
	EndGlobalSection
EndGlobal
