
Microsoft Visual Studio Solution File, Format Version 12.00
# Visual Studio Version 16
VisualStudioVersion = 16.0.30330.147
MinimumVisualStudioVersion = 10.0.40219.1
Project("{8BC9CEB8-8B4A-11D0-8D11-00A0C91BC942}") = "debug", "debug\debug.vcxproj", "{855C5950-B4E9-495A-B519-E1F14F69BB9A}"
EndProject
Global
	GlobalSection(SolutionConfigurationPlatforms) = preSolution
		Debug|x64 = Debug|x64
		Debug|x86 = Debug|x86
		Release|x64 = Release|x64
		Release|x86 = Release|x86
	EndGlobalSection
	GlobalSection(ProjectConfigurationPlatforms) = postSolution
		{855C5950-B4E9-495A-B519-E1F14F69BB9A}.Debug|x64.ActiveCfg = Debug|x64
		{855C5950-B4E9-495A-B519-E1F14F69BB9A}.Debug|x64.Build.0 = Debug|x64
		{855C5950-B4E9-495A-B519-E1F14F69BB9A}.Debug|x86.ActiveCfg = Debug|Win32
		{855C5950-B4E9-495A-B519-E1F14F69BB9A}.Debug|x86.Build.0 = Debug|Win32
		{855C5950-B4E9-495A-B519-E1F14F69BB9A}.Release|x64.ActiveCfg = Release|x64
		{855C5950-B4E9-495A-B519-E1F14F69BB9A}.Release|x64.Build.0 = Release|x64
		{855C5950-B4E9-495A-B519-E1F14F69BB9A}.Release|x86.ActiveCfg = Release|Win32
		{855C5950-B4E9-495A-B519-E1F14F69BB9A}.Release|x86.Build.0 = Release|Win32
	EndGlobalSection
	GlobalSection(SolutionProperties) = preSolution
		HideSolutionNode = FALSE
	EndGlobalSection
	GlobalSection(ExtensibilityGlobals) = postSolution
		SolutionGuid = {E9125F41-72F9-4D8D-9609-4A430C7889AC}
	EndGlobalSection
EndGlobal
