
Microsoft Visual Studio Solution File, Format Version 12.00
# Visual Studio Version 16
VisualStudioVersion = 16.0.30330.147
MinimumVisualStudioVersion = 10.0.40219.1
Project("{8BC9CEB8-8B4A-11D0-8D11-00A0C91BC942}") = "howlinkerworks", "howlinkerworks\howlinkerworks.vcxproj", "{FF35EEB1-58C5-4961-AC93-71E2103BFBB4}"
EndProject
Global
	GlobalSection(SolutionConfigurationPlatforms) = preSolution
		Debug|x64 = Debug|x64
		Debug|x86 = Debug|x86
		Release|x64 = Release|x64
		Release|x86 = Release|x86
	EndGlobalSection
	GlobalSection(ProjectConfigurationPlatforms) = postSolution
		{FF35EEB1-58C5-4961-AC93-71E2103BFBB4}.Debug|x64.ActiveCfg = Debug|x64
		{FF35EEB1-58C5-4961-AC93-71E2103BFBB4}.Debug|x64.Build.0 = Debug|x64
		{FF35EEB1-58C5-4961-AC93-71E2103BFBB4}.Debug|x86.ActiveCfg = Debug|Win32
		{FF35EEB1-58C5-4961-AC93-71E2103BFBB4}.Debug|x86.Build.0 = Debug|Win32
		{FF35EEB1-58C5-4961-AC93-71E2103BFBB4}.Release|x64.ActiveCfg = Release|x64
		{FF35EEB1-58C5-4961-AC93-71E2103BFBB4}.Release|x64.Build.0 = Release|x64
		{FF35EEB1-58C5-4961-AC93-71E2103BFBB4}.Release|x86.ActiveCfg = Release|Win32
		{FF35EEB1-58C5-4961-AC93-71E2103BFBB4}.Release|x86.Build.0 = Release|Win32
	EndGlobalSection
	GlobalSection(SolutionProperties) = preSolution
		HideSolutionNode = FALSE
	EndGlobalSection
	GlobalSection(ExtensibilityGlobals) = postSolution
		SolutionGuid = {60704CC0-D0BD-4A1A-88C5-A7B7DD7B3744}
	EndGlobalSection
EndGlobal
